# This file is autogenerated, do not edit; changes may be undone by the next 'dep ensure'.


[[projects]]
  name = "github.com/dgrijalva/jwt-go"
  packages = ["."]
  revision = "06ea1031745cb8b3dab3f6a236daf2b0aa468b7e"
  version = "v3.2.0"

[[projects]]
  name = "github.com/go-chi/chi"
  packages = [".","middleware"]
  revision = "2db61557f36b2f4caa20ce6ef50e98bac0f7fce5"
  version = "v4.0.3"

[[projects]]
  name = "github.com/go-chi/jwtauth"
  packages = ["."]
  revision = "38b5b1fc41f6b8558a986bce123ba4818832fda0"
  version = "v4.0.3"

[[projects]]
  name = "github.com/go-sql-driver/mysql"
  packages = ["."]
  revision = "17ef3dd9d98b69acec3e85878995ada9533a9370"
  version = "v1.5.0"

[[projects]]
  name = "github.com/thedevsaddam/govalidator"
  packages = ["."]
  revision = "9aa754d584410c79e165fe6897bae5643dea6b90"
  version = "v1.9.9"

[[projects]]
  branch = "master"
  name = "golang.org/x/crypto"
  packages = ["bcrypt","blowfish"]
  revision = "530e935923ad688be97c15eeb8e5ee42ebf2b54a"

[[projects]]
  name = "gopkg.in/yaml.v2"
  packages = ["."]
  revision = "1f64d6156d11335c3f22d9330b0ad14fc1e789ce"
  version = "v2.2.7"

[solve-meta]
  analyzer-name = "dep"
  analyzer-version = 1
  inputs-digest = "a20a1925d2b7954332db717aee0aafce7ffccc1b0b451b1c868f67720ffdf399"
  solver-name = "gps-cdcl"
  solver-version = 1
